Microsoft Visual Studio Solution File, Format Version 11.00
# Visual Studio 2008

Project("{03711C8D-46C6-F545-D5ED-C41FEEC0B137}") = "ZooKeeperHero", "Assembly-CSharp.csproj", "{99F19ED3-BAD5-0F41-F79F-2B4173120385}"
EndProject
Project("{03711C8D-46C6-F545-D5ED-C41FEEC0B137}") = "ZooKeeperHero", "Assembly-UnityScript.unityproj", "{68F87710-2CEF-A29A-FD36-81ECB0D94727}"
EndProject
Global
	GlobalSection(SolutionConfigurationPlatforms) = preSolution
		Debug|Any CPU = Debug|Any CPU
		Release|Any CPU = Release|Any CPU
	EndGlobalSection
	GlobalSection(ProjectConfigurationPlatforms) = postSolution
		{99F19ED3-BAD5-0F41-F79F-2B4173120385}.Debug|Any CPU.ActiveCfg = Debug|Any CPU
		{99F19ED3-BAD5-0F41-F79F-2B4173120385}.Debug|Any CPU.Build.0 = Debug|Any CPU
		{99F19ED3-BAD5-0F41-F79F-2B4173120385}.Release|Any CPU.ActiveCfg = Release|Any CPU
		{99F19ED3-BAD5-0F41-F79F-2B4173120385}.Release|Any CPU.Build.0 = Release|Any CPU
		{68F87710-2CEF-A29A-FD36-81ECB0D94727}.Debug|Any CPU.ActiveCfg = Debug|Any CPU
		{68F87710-2CEF-A29A-FD36-81ECB0D94727}.Debug|Any CPU.Build.0 = Debug|Any CPU
		{68F87710-2CEF-A29A-FD36-81ECB0D94727}.Release|Any CPU.ActiveCfg = Release|Any CPU
		{68F87710-2CEF-A29A-FD36-81ECB0D94727}.Release|Any CPU.Build.0 = Release|Any CPU
	EndGlobalSection
	GlobalSection(SolutionProperties) = preSolution
		HideSolutionNode = FALSE
	EndGlobalSection
	GlobalSection(MonoDevelopProperties) = preSolution
		StartupItem = Assembly-CSharp.csproj
	EndGlobalSection
EndGlobal
